
Microsoft Visual Studio Solution File, Format Version 12.00
# Visual Studio Version 16
VisualStudioVersion = 16.0.32106.194
MinimumVisualStudioVersion = 10.0.40219.1
Project("{FAE04EC0-301F-11D3-BF4B-00C04F79EFBC}") = "TestPracticeAzureAppService1", "TestPracticeAzureAppService1.csproj", "{915EDC1F-6206-4F94-AE84-1AFA8F8EBBB5}"
EndProject
Global
	GlobalSection(SolutionConfigurationPlatforms) = preSolution
		Debug|Any CPU = Debug|Any CPU
		Release|Any CPU = Release|Any CPU
	EndGlobalSection
	GlobalSection(ProjectConfigurationPlatforms) = postSolution
		{915EDC1F-6206-4F94-AE84-1AFA8F8EBBB5}.Debug|Any CPU.ActiveCfg = Debug|Any CPU
		{915EDC1F-6206-4F94-AE84-1AFA8F8EBBB5}.Debug|Any CPU.Build.0 = Debug|Any CPU
		{915EDC1F-6206-4F94-AE84-1AFA8F8EBBB5}.Release|Any CPU.ActiveCfg = Release|Any CPU
		{915EDC1F-6206-4F94-AE84-1AFA8F8EBBB5}.Release|Any CPU.Build.0 = Release|Any CPU
	EndGlobalSection
	GlobalSection(SolutionProperties) = preSolution
		HideSolutionNode = FALSE
	EndGlobalSection
	GlobalSection(ExtensibilityGlobals) = postSolution
		SolutionGuid = {4370857A-7689-418D-9718-CCBCA044B469}
	EndGlobalSection
EndGlobal
